github.com/iceber/iouring-go v0.0.0-20230308084639-d71579e9084b h1:2HmkKWdVGbWTuXnUoBrR9HMHyjpVRhWcjjmFx5jJ1I4=
github.com/iceber/iouring-go v0.0.0-20230308084639-d71579e9084b/go.mod h1:LEzdaZarZ5aqROlLIwJ4P7h3+4o71008fSy6wpaEB+s=
golang.org/x/sync v0.1.0 h1:wsuoTGHzEhffawBOhz5CYhcrV4IdKZbEyZjBMuTp12o=
golang.org/x/sync v0.1.0/go.mod h1:RxMgew5VJxzue5/jJTE5uejpjVlOe/izrB70Jof72aM=
golang.org/x/sys v0.0.0-20200923182605-d9f96fdee20d/go.mod h1:h1NjWce9XRLGQEsW7wpKNCjG9DtNlClVuFLEZdDNbEs=
golang.org/x/sys v0.6.0 h1:MVltZSvRTcU2ljQOhs94SXPftV6DCNnZViHeQps87pQ=
golang.org/x/sys v0.6.0/go.mod h1:oPkhp1MJrh7nUepCBck5+mAzfO9JrbApNNgaTdGDITg=
